
Microsoft Visual Studio Solution File, Format Version 12.00
# Visual Studio Version 17
VisualStudioVersion = 17.5.33627.172
MinimumVisualStudioVersion = 10.0.40219.1
Project("{FAE04EC0-301F-11D3-BF4B-00C04F79EFBC}") = "OraRegaAV", "OraRegaAV\OraRegaAV.csproj", "{D0E058AE-EC9E-48AF-9C2F-9265C963EB97}"
EndProject
Global
	GlobalSection(SolutionConfigurationPlatforms) = preSolution
		Debug|Any CPU = Debug|Any CPU
		Release|Any CPU = Release|Any CPU
	EndGlobalSection
	GlobalSection(ProjectConfigurationPlatforms) = postSolution
		{D0E058AE-EC9E-48AF-9C2F-9265C963EB97}.Debug|Any CPU.ActiveCfg = Debug|Any CPU
		{D0E058AE-EC9E-48AF-9C2F-9265C963EB97}.Debug|Any CPU.Build.0 = Debug|Any CPU
		{D0E058AE-EC9E-48AF-9C2F-9265C963EB97}.Release|Any CPU.ActiveCfg = Release|Any CPU
		{D0E058AE-EC9E-48AF-9C2F-9265C963EB97}.Release|Any CPU.Build.0 = Release|Any CPU
	EndGlobalSection
	GlobalSection(SolutionProperties) = preSolution
		HideSolutionNode = FALSE
	EndGlobalSection
	GlobalSection(ExtensibilityGlobals) = postSolution
		SolutionGuid = {004EF1AD-A234-425A-A6E5-BB98FA1B2E61}
	EndGlobalSection
EndGlobal
